
Microsoft Visual Studio Solution File, Format Version 12.00
# Visual Studio Version 17
VisualStudioVersion = 17.2.32616.157
MinimumVisualStudioVersion = 10.0.40219.1
Project("{9A19103F-16F7-4668-BE54-9A1E7A4F7556}") = "TechnicalChallenge", "TechnicalChallenge\TechnicalChallenge.csproj", "{4639996F-3258-48C9-80AA-88661A998736}"
EndProject
Project("{FAE04EC0-301F-11D3-BF4B-00C04F79EFBC}") = "TechnicalChallengeTest", "TechnicalChallengeTest\TechnicalChallengeTest.csproj", "{963A68E7-89AE-4610-91B3-7253BC83C296}"
EndProject
Global
	GlobalSection(SolutionConfigurationPlatforms) = preSolution
		Debug|Any CPU = Debug|Any CPU
		Release|Any CPU = Release|Any CPU
	EndGlobalSection
	GlobalSection(ProjectConfigurationPlatforms) = postSolution
		{4639996F-3258-48C9-80AA-88661A998736}.Debug|Any CPU.ActiveCfg = Debug|Any CPU
		{4639996F-3258-48C9-80AA-88661A998736}.Debug|Any CPU.Build.0 = Debug|Any CPU
		{4639996F-3258-48C9-80AA-88661A998736}.Release|Any CPU.ActiveCfg = Release|Any CPU
		{4639996F-3258-48C9-80AA-88661A998736}.Release|Any CPU.Build.0 = Release|Any CPU
		{963A68E7-89AE-4610-91B3-7253BC83C296}.Debug|Any CPU.ActiveCfg = Debug|Any CPU
		{963A68E7-89AE-4610-91B3-7253BC83C296}.Debug|Any CPU.Build.0 = Debug|Any CPU
		{963A68E7-89AE-4610-91B3-7253BC83C296}.Release|Any CPU.ActiveCfg = Release|Any CPU
		{963A68E7-89AE-4610-91B3-7253BC83C296}.Release|Any CPU.Build.0 = Release|Any CPU
	EndGlobalSection
	GlobalSection(SolutionProperties) = preSolution
		HideSolutionNode = FALSE
	EndGlobalSection
	GlobalSection(ExtensibilityGlobals) = postSolution
		SolutionGuid = {B952F2B0-1D88-4D3D-A550-94212993439F}
	EndGlobalSection
EndGlobal
